
Microsoft Visual Studio Solution File, Format Version 12.00
# Visual Studio 14
VisualStudioVersion = 14.0.23107.0
MinimumVisualStudioVersion = 10.0.40219.1
Project("{FAE04EC0-301F-11D3-BF4B-00C04F79EFBC}") = "1.5", "1.5\1.5.csproj", "{95DF3962-CF2F-427E-81F2-8FAAF601F9D9}"
EndProject
Project("{FAE04EC0-301F-11D3-BF4B-00C04F79EFBC}") = "PerformanceTesting", "..\..\..\Utility\PerformanceTesting\PerformanceTesting.csproj", "{7C346D2D-D4D1-484C-AA27-88C61AD069B1}"
EndProject
Project("{FAE04EC0-301F-11D3-BF4B-00C04F79EFBC}") = "Tests", "Tests\Tests.csproj", "{18011604-0C70-43A1-8794-3A0603A944F9}"
EndProject
Global
	GlobalSection(SolutionConfigurationPlatforms) = preSolution
		Debug|Any CPU = Debug|Any CPU
		Release|Any CPU = Release|Any CPU
	EndGlobalSection
	GlobalSection(ProjectConfigurationPlatforms) = postSolution
		{95DF3962-CF2F-427E-81F2-8FAAF601F9D9}.Debug|Any CPU.ActiveCfg = Debug|Any CPU
		{95DF3962-CF2F-427E-81F2-8FAAF601F9D9}.Debug|Any CPU.Build.0 = Debug|Any CPU
		{95DF3962-CF2F-427E-81F2-8FAAF601F9D9}.Release|Any CPU.ActiveCfg = Release|Any CPU
		{95DF3962-CF2F-427E-81F2-8FAAF601F9D9}.Release|Any CPU.Build.0 = Release|Any CPU
		{7C346D2D-D4D1-484C-AA27-88C61AD069B1}.Debug|Any CPU.ActiveCfg = Debug|Any CPU
		{7C346D2D-D4D1-484C-AA27-88C61AD069B1}.Debug|Any CPU.Build.0 = Debug|Any CPU
		{7C346D2D-D4D1-484C-AA27-88C61AD069B1}.Release|Any CPU.ActiveCfg = Release|Any CPU
		{7C346D2D-D4D1-484C-AA27-88C61AD069B1}.Release|Any CPU.Build.0 = Release|Any CPU
		{18011604-0C70-43A1-8794-3A0603A944F9}.Debug|Any CPU.ActiveCfg = Debug|Any CPU
		{18011604-0C70-43A1-8794-3A0603A944F9}.Debug|Any CPU.Build.0 = Debug|Any CPU
		{18011604-0C70-43A1-8794-3A0603A944F9}.Release|Any CPU.ActiveCfg = Release|Any CPU
		{18011604-0C70-43A1-8794-3A0603A944F9}.Release|Any CPU.Build.0 = Release|Any CPU
	EndGlobalSection
	GlobalSection(SolutionProperties) = preSolution
		HideSolutionNode = FALSE
	EndGlobalSection
EndGlobal
