
Microsoft Visual Studio Solution File, Format Version 12.00
# Visual Studio 14
VisualStudioVersion = 14.0.23107.0
MinimumVisualStudioVersion = 10.0.40219.1
Project("{FAE04EC0-301F-11D3-BF4B-00C04F79EFBC}") = "1.2", "1.2\1.2.csproj", "{51061DC5-6E48-4107-9FC0-86234A240C68}"
EndProject
Project("{FAE04EC0-301F-11D3-BF4B-00C04F79EFBC}") = "Tests", "Tests\Tests.csproj", "{95DB312E-EEBE-44A7-BDA0-A2BF4AF4F383}"
EndProject
Global
	GlobalSection(SolutionConfigurationPlatforms) = preSolution
		Debug|Any CPU = Debug|Any CPU
		Release|Any CPU = Release|Any CPU
	EndGlobalSection
	GlobalSection(ProjectConfigurationPlatforms) = postSolution
		{51061DC5-6E48-4107-9FC0-86234A240C68}.Debug|Any CPU.ActiveCfg = Debug|Any CPU
		{51061DC5-6E48-4107-9FC0-86234A240C68}.Debug|Any CPU.Build.0 = Debug|Any CPU
		{51061DC5-6E48-4107-9FC0-86234A240C68}.Release|Any CPU.ActiveCfg = Release|Any CPU
		{51061DC5-6E48-4107-9FC0-86234A240C68}.Release|Any CPU.Build.0 = Release|Any CPU
		{95DB312E-EEBE-44A7-BDA0-A2BF4AF4F383}.Debug|Any CPU.ActiveCfg = Debug|Any CPU
		{95DB312E-EEBE-44A7-BDA0-A2BF4AF4F383}.Debug|Any CPU.Build.0 = Debug|Any CPU
		{95DB312E-EEBE-44A7-BDA0-A2BF4AF4F383}.Release|Any CPU.ActiveCfg = Release|Any CPU
		{95DB312E-EEBE-44A7-BDA0-A2BF4AF4F383}.Release|Any CPU.Build.0 = Release|Any CPU
	EndGlobalSection
	GlobalSection(SolutionProperties) = preSolution
		HideSolutionNode = FALSE
	EndGlobalSection
EndGlobal
