
Microsoft Visual Studio Solution File, Format Version 12.00
# Visual Studio 14
VisualStudioVersion = 14.0.23107.0
MinimumVisualStudioVersion = 10.0.40219.1
Project("{FAE04EC0-301F-11D3-BF4B-00C04F79EFBC}") = "DS", "DS\DS.csproj", "{89233749-0A7A-407F-B875-8F6C35F79C2B}"
EndProject
Project("{FAE04EC0-301F-11D3-BF4B-00C04F79EFBC}") = "3", "3\3.csproj", "{C6D3BC4E-3302-4C5D-A6C1-9113F7C6CF3E}"
EndProject
Project("{FAE04EC0-301F-11D3-BF4B-00C04F79EFBC}") = "Tests", "Tests\Tests.csproj", "{C2706CB5-21C5-483F-87AD-AB63F3418BDA}"
EndProject
Global
	GlobalSection(SolutionConfigurationPlatforms) = preSolution
		Debug|Any CPU = Debug|Any CPU
		Release|Any CPU = Release|Any CPU
	EndGlobalSection
	GlobalSection(ProjectConfigurationPlatforms) = postSolution
		{89233749-0A7A-407F-B875-8F6C35F79C2B}.Debug|Any CPU.ActiveCfg = Debug|Any CPU
		{89233749-0A7A-407F-B875-8F6C35F79C2B}.Debug|Any CPU.Build.0 = Debug|Any CPU
		{89233749-0A7A-407F-B875-8F6C35F79C2B}.Release|Any CPU.ActiveCfg = Release|Any CPU
		{89233749-0A7A-407F-B875-8F6C35F79C2B}.Release|Any CPU.Build.0 = Release|Any CPU
		{C6D3BC4E-3302-4C5D-A6C1-9113F7C6CF3E}.Debug|Any CPU.ActiveCfg = Debug|Any CPU
		{C6D3BC4E-3302-4C5D-A6C1-9113F7C6CF3E}.Debug|Any CPU.Build.0 = Debug|Any CPU
		{C6D3BC4E-3302-4C5D-A6C1-9113F7C6CF3E}.Release|Any CPU.ActiveCfg = Release|Any CPU
		{C6D3BC4E-3302-4C5D-A6C1-9113F7C6CF3E}.Release|Any CPU.Build.0 = Release|Any CPU
		{C2706CB5-21C5-483F-87AD-AB63F3418BDA}.Debug|Any CPU.ActiveCfg = Debug|Any CPU
		{C2706CB5-21C5-483F-87AD-AB63F3418BDA}.Debug|Any CPU.Build.0 = Debug|Any CPU
		{C2706CB5-21C5-483F-87AD-AB63F3418BDA}.Release|Any CPU.ActiveCfg = Release|Any CPU
		{C2706CB5-21C5-483F-87AD-AB63F3418BDA}.Release|Any CPU.Build.0 = Release|Any CPU
	EndGlobalSection
	GlobalSection(SolutionProperties) = preSolution
		HideSolutionNode = FALSE
	EndGlobalSection
EndGlobal
