
Microsoft Visual Studio Solution File, Format Version 12.00
# Visual Studio 14
VisualStudioVersion = 14.0.23107.0
MinimumVisualStudioVersion = 10.0.40219.1
Project("{FAE04EC0-301F-11D3-BF4B-00C04F79EFBC}") = "1.1", "1.1\1.1.csproj", "{912F1EB4-5152-4A29-B0E7-80EFD1012AF8}"
EndProject
Project("{FAE04EC0-301F-11D3-BF4B-00C04F79EFBC}") = "Tests", "Tests\Tests.csproj", "{CE8DE3C3-D042-473C-B48D-40D0775CE8F0}"
EndProject
Global
	GlobalSection(SolutionConfigurationPlatforms) = preSolution
		Debug|Any CPU = Debug|Any CPU
		Release|Any CPU = Release|Any CPU
	EndGlobalSection
	GlobalSection(ProjectConfigurationPlatforms) = postSolution
		{912F1EB4-5152-4A29-B0E7-80EFD1012AF8}.Debug|Any CPU.ActiveCfg = Debug|Any CPU
		{912F1EB4-5152-4A29-B0E7-80EFD1012AF8}.Debug|Any CPU.Build.0 = Debug|Any CPU
		{912F1EB4-5152-4A29-B0E7-80EFD1012AF8}.Release|Any CPU.ActiveCfg = Release|Any CPU
		{912F1EB4-5152-4A29-B0E7-80EFD1012AF8}.Release|Any CPU.Build.0 = Release|Any CPU
		{CE8DE3C3-D042-473C-B48D-40D0775CE8F0}.Debug|Any CPU.ActiveCfg = Debug|Any CPU
		{CE8DE3C3-D042-473C-B48D-40D0775CE8F0}.Debug|Any CPU.Build.0 = Debug|Any CPU
		{CE8DE3C3-D042-473C-B48D-40D0775CE8F0}.Release|Any CPU.ActiveCfg = Release|Any CPU
		{CE8DE3C3-D042-473C-B48D-40D0775CE8F0}.Release|Any CPU.Build.0 = Release|Any CPU
	EndGlobalSection
	GlobalSection(SolutionProperties) = preSolution
		HideSolutionNode = FALSE
	EndGlobalSection
EndGlobal
